// !$*UTF8*$!
{
	archiveVersion = 1;
	classes = {
	};
	objectVersion = 50;
	objects = {

/* Begin PBXBuildFile section */
		8686308425CF6B0700F77E83 /* AppDelegate.swift in Sources */ = {isa = PBXBuildFile; fileRef = 8686308325CF6B0700F77E83 /* AppDelegate.swift */; };
		8686308625CF6B0700F77E83 /* SceneDelegate.swift in Sources */ = {isa = PBXBuildFile; fileRef = 8686308525CF6B0700F77E83 /* SceneDelegate.swift */; };
		8686308825CF6B0700F77E83 /* ViewController.swift in Sources */ = {isa = PBXBuildFile; fileRef = 8686308725CF6B0700F77E83 /* ViewController.swift */; };
		8686308B25CF6B0700F77E83 /* Main.storyboard in Resources */ = {isa = PBXBuildFile; fileRef = 8686308925CF6B0700F77E83 /* Main.storyboard */; };
		8686308D25CF6B0800F77E83 /* Assets.xcassets in Resources */ = {isa = PBXBuildFile; fileRef = 8686308C25CF6B0800F77E83 /* Assets.xcassets */; };
		8686309025CF6B0800F77E83 /* LaunchScreen.storyboard in Resources */ = {isa = PBXBuildFile; fileRef = 8686308E25CF6B0800F77E83 /* LaunchScreen.storyboard */; };
		8686309B25CF6B0800F77E83 /* PreworkTests.swift in Sources */ = {isa = PBXBuildFile; fileRef = 8686309A25CF6B0800F77E83 /* PreworkTests.swift */; };
		868630A625CF6B0800F77E83 /* PreworkUITests.swift in Sources */ = {isa = PBXBuildFile; fileRef = 868630A525CF6B0800F77E83 /* PreworkUITests.swift */; };
/* End PBXBuildFile section */

/* Begin PBXContainerItemProxy section */
		8686309725CF6B0800F77E83 /* PBXContainerItemProxy */ = {
			isa = PBXContainerItemProxy;
			containerPortal = 8686307825CF6B0700F77E83 /* Project object */;
			proxyType = 1;
			remoteGlobalIDString = 8686307F25CF6B0700F77E83;
			remoteInfo = Prework;
		};
		868630A225CF6B0800F77E83 /* PBXContainerItemProxy */ = {
			isa = PBXContainerItemProxy;
			containerPortal = 8686307825CF6B0700F77E83 /* Project object */;
			proxyType = 1;
			remoteGlobalIDString = 8686307F25CF6B0700F77E83;
			remoteInfo = Prework;
		};
/* End PBXContainerItemProxy section */

/* Begin PBXFileReference section */
		8686308025CF6B0700F77E83 /* Prework.app */ = {isa = PBXFileReference; explicitFileType = wrapper.application; includeInIndex = 0; path = Prework.app; sourceTree = BUILT_PRODUCTS_DIR; };
		8686308325CF6B0700F77E83 /* AppDelegate.swift */ = {isa = PBXFileReference; lastKnownFileType = sourcecode.swift; path = AppDelegate.swift; sourceTree = "<group>"; };
		8686308525CF6B0700F77E83 /* SceneDelegate.swift */ = {isa = PBXFileReference; lastKnownFileType = sourcecode.swift; path = SceneDelegate.swift; sourceTree = "<group>"; };
		8686308725CF6B0700F77E83 /* ViewController.swift */ = {isa = PBXFileReference; lastKnownFileType = sourcecode.swift; path = ViewController.swift; sourceTree = "<group>"; };
		8686308A25CF6B0700F77E83 /* Base */ = {isa = PBXFileReference; lastKnownFileType = file.storyboard; name = Base; path = Base.lproj/Main.storyboard; sourceTree = "<group>"; };
		8686308C25CF6B0800F77E83 /* Assets.xcassets */ = {isa = PBXFileReference; lastKnownFileType = folder.assetcatalog; path = Assets.xcassets; sourceTree = "<group>"; };
		8686308F25CF6B0800F77E83 /* Base */ = {isa = PBXFileReference; lastKnownFileType = file.storyboard; name = Base; path = Base.lproj/LaunchScreen.storyboard; sourceTree = "<group>"; };
		8686309125CF6B0800F77E83 /* Info.plist */ = {isa = PBXFileReference; lastKnownFileType = text.plist.xml; path = Info.plist; sourceTree = "<group>"; };
		8686309625CF6B0800F77E83 /* PreworkTests.xctest */ = {isa = PBXFileReference; explicitFileType = wrapper.cfbundle; includeInIndex = 0; path = PreworkTests.xctest; sourceTree = BUILT_PRODUCTS_DIR; };
		8686309A25CF6B0800F77E83 /* PreworkTests.swift */ = {isa = PBXFileReference; lastKnownFileType = sourcecode.swift; path = PreworkTests.swift; sourceTree = "<group>"; };
		8686309C25CF6B0800F77E83 /* Info.plist */ = {isa = PBXFileReference; lastKnownFileType = text.plist.xml; path = Info.plist; sourceTree = "<group>"; };
		868630A125CF6B0800F77E83 /* PreworkUITests.xctest */ = {isa = PBXFileReference; explicitFileType = wrapper.cfbundle; includeInIndex = 0; path = PreworkUITests.xctest; sourceTree = BUILT_PRODUCTS_DIR; };
		868630A525CF6B0800F77E83 /* PreworkUITests.swift */ = {isa = PBXFileReference; lastKnownFileType = sourcecode.swift; path = PreworkUITests.swift; sourceTree = "<group>"; };
		868630A725CF6B0800F77E83 /* Info.plist */ = {isa = PBXFileReference; lastKnownFileType = text.plist.xml; path = Info.plist; sourceTree = "<group>"; };
/* End PBXFileReference section */

/* Begin PBXFrameworksBuildPhase section */
		8686307D25CF6B0700F77E83 /* Frameworks */ = {
			isa = PBXFrameworksBuildPhase;
			buildActionMask = 2147483647;
			files = (
			);
			runOnlyForDeploymentPostprocessing = 0;
		};
		8686309325CF6B0800F77E83 /* Frameworks */ = {
			isa = PBXFrameworksBuildPhase;
			buildActionMask = 2147483647;
			files = (
			);
			runOnlyForDeploymentPostprocessing = 0;
		};
		8686309E25CF6B0800F77E83 /* Frameworks */ = {
			isa = PBXFrameworksBuildPhase;
			buildActionMask = 2147483647;
			files = (
			);
			runOnlyForDeploymentPostprocessing = 0;
		};
/* End PBXFrameworksBuildPhase section */

/* Begin PBXGroup section */
		8686307725CF6B0700F77E83 = {
			isa = PBXGroup;
			children = (
				8686308225CF6B0700F77E83 /* Prework */,
				8686309925CF6B0800F77E83 /* PreworkTests */,
				868630A425CF6B0800F77E83 /* PreworkUITests */,
				8686308125CF6B0700F77E83 /* Products */,
			);
			sourceTree = "<group>";
		};
		8686308125CF6B0700F77E83 /* Products */ = {
			isa = PBXGroup;
			children = (
				8686308025CF6B0700F77E83 /* Prework.app */,
				8686309625CF6B0800F77E83 /* PreworkTests.xctest */,
				868630A125CF6B0800F77E83 /* PreworkUITests.xctest */,
			);
			name = Products;
			sourceTree = "<group>";
		};
		8686308225CF6B0700F77E83 /* Prework */ = {
			isa = PBXGroup;
			children = (
				8686308325CF6B0700F77E83 /* AppDelegate.swift */,
				8686308525CF6B0700F77E83 /* SceneDelegate.swift */,
				8686308725CF6B0700F77E83 /* ViewController.swift */,
				8686308925CF6B0700F77E83 /* Main.storyboard */,
				8686308C25CF6B0800F77E83 /* Assets.xcassets */,
				8686308E25CF6B0800F77E83 /* LaunchScreen.storyboard */,
				8686309125CF6B0800F77E83 /* Info.plist */,
			);
			path = Prework;
			sourceTree = "<group>";
		};
		8686309925CF6B0800F77E83 /* PreworkTests */ = {
			isa = PBXGroup;
			children = (
				8686309A25CF6B0800F77E83 /* PreworkTests.swift */,
				8686309C25CF6B0800F77E83 /* Info.plist */,
			);
			path = PreworkTests;
			sourceTree = "<group>";
		};
		868630A425CF6B0800F77E83 /* PreworkUITests */ = {
			isa = PBXGroup;
			children = (
				868630A525CF6B0800F77E83 /* PreworkUITests.swift */,
				868630A725CF6B0800F77E83 /* Info.plist */,
			);
			path = PreworkUITests;
			sourceTree = "<group>";
		};
/* End PBXGroup section */

/* Begin PBXNativeTarget section */
		8686307F25CF6B0700F77E83 /* Prework */ = {
			isa = PBXNativeTarget;
			buildConfigurationList = 868630AA25CF6B0800F77E83 /* Build configuration list for PBXNativeTarget "Prework" */;
			buildPhases = (
				8686307C25CF6B0700F77E83 /* Sources */,
				8686307D25CF6B0700F77E83 /* Frameworks */,
				8686307E25CF6B0700F77E83 /* Resources */,
			);
			buildRules = (
			);
			dependencies = (
			);
			name = Prework;
			productName = Prework;
			productReference = 8686308025CF6B0700F77E83 /* Prework.app */;
			productType = "com.apple.product-type.application";
		};
		8686309525CF6B0800F77E83 /* PreworkTests */ = {
			isa = PBXNativeTarget;
			buildConfigurationList = 868630AD25CF6B0800F77E83 /* Build configuration list for PBXNativeTarget "PreworkTests" */;
			buildPhases = (
				8686309225CF6B0800F77E83 /* Sources */,
				8686309325CF6B0800F77E83 /* Frameworks */,
				8686309425CF6B0800F77E83 /* Resources */,
			);
			buildRules = (
			);
			dependencies = (
				8686309825CF6B0800F77E83 /* PBXTargetDependency */,
			);
			name = PreworkTests;
			productName = PreworkTests;
			productReference = 8686309625CF6B0800F77E83 /* PreworkTests.xctest */;
			productType = "com.apple.product-type.bundle.unit-test";
		};
		868630A025CF6B0800F77E83 /* PreworkUITests */ = {
			isa = PBXNativeTarget;
			buildConfigurationList = 868630B025CF6B0800F77E83 /* Build configuration list for PBXNativeTarget "PreworkUITests" */;
			buildPhases = (
				8686309D25CF6B0800F77E83 /* Sources */,
				8686309E25CF6B0800F77E83 /* Frameworks */,
				8686309F25CF6B0800F77E83 /* Resources */,
			);
			buildRules = (
			);
			dependencies = (
				868630A325CF6B0800F77E83 /* PBXTargetDependency */,
			);
			name = PreworkUITests;
			productName = PreworkUITests;
			productReference = 868630A125CF6B0800F77E83 /* PreworkUITests.xctest */;
			productType = "com.apple.product-type.bundle.ui-testing";
		};
/* End PBXNativeTarget section */

/* Begin PBXProject section */
		8686307825CF6B0700F77E83 /* Project object */ = {
			isa = PBXProject;
			attributes = {
				LastSwiftUpdateCheck = 1240;
				LastUpgradeCheck = 1240;
				TargetAttributes = {
					8686307F25CF6B0700F77E83 = {
						CreatedOnToolsVersion = 12.4;
					};
					8686309525CF6B0800F77E83 = {
						CreatedOnToolsVersion = 12.4;
						TestTargetID = 8686307F25CF6B0700F77E83;
					};
					868630A025CF6B0800F77E83 = {
						CreatedOnToolsVersion = 12.4;
						TestTargetID = 8686307F25CF6B0700F77E83;
					};
				};
			};
			buildConfigurationList = 8686307B25CF6B0700F77E83 /* Build configuration list for PBXProject "Prework" */;
			compatibilityVersion = "Xcode 9.3";
			developmentRegion = en;
			hasScannedForEncodings = 0;
			knownRegions = (
				en,
				Base,
			);
			mainGroup = 8686307725CF6B0700F77E83;
			productRefGroup = 8686308125CF6B0700F77E83 /* Products */;
			projectDirPath = "";
			projectRoot = "";
			targets = (
				8686307F25CF6B0700F77E83 /* Prework */,
				8686309525CF6B0800F77E83 /* PreworkTests */,
				868630A025CF6B0800F77E83 /* PreworkUITests */,
			);
		};
/* End PBXProject section */

/* Begin PBXResourcesBuildPhase section */
		8686307E25CF6B0700F77E83 /* Resources */ = {
			isa = PBXResourcesBuildPhase;
			buildActionMask = 2147483647;
			files = (
				8686309025CF6B0800F77E83 /* LaunchScreen.storyboard in Resources */,
				8686308D25CF6B0800F77E83 /* Assets.xcassets in Resources */,
				8686308B25CF6B0700F77E83 /* Main.storyboard in Resources */,
			);
			runOnlyForDeploymentPostprocessing = 0;
		};
		8686309425CF6B0800F77E83 /* Resources */ = {
			isa = PBXResourcesBuildPhase;
			buildActionMask = 2147483647;
			files = (
			);
			runOnlyForDeploymentPostprocessing = 0;
		};
		8686309F25CF6B0800F77E83 /* Resources */ = {
			isa = PBXResourcesBuildPhase;
			buildActionMask = 2147483647;
			files = (
			);
			runOnlyForDeploymentPostprocessing = 0;
		};
/* End PBXResourcesBuildPhase section */

/* Begin PBXSourcesBuildPhase section */
		8686307C25CF6B0700F77E83 /* Sources */ = {
			isa = PBXSourcesBuildPhase;
			buildActionMask = 2147483647;
			files = (
				8686308825CF6B0700F77E83 /* ViewController.swift in Sources */,
				8686308425CF6B0700F77E83 /* AppDelegate.swift in Sources */,
				8686308625CF6B0700F77E83 /* SceneDelegate.swift in Sources */,
			);
			runOnlyForDeploymentPostprocessing = 0;
		};
		8686309225CF6B0800F77E83 /* Sources */ = {
			isa = PBXSourcesBuildPhase;
			buildActionMask = 2147483647;
			files = (
				8686309B25CF6B0800F77E83 /* PreworkTests.swift in Sources */,
			);
			runOnlyForDeploymentPostprocessing = 0;
		};
		8686309D25CF6B0800F77E83 /* Sources */ = {
			isa = PBXSourcesBuildPhase;
			buildActionMask = 2147483647;
			files = (
				868630A625CF6B0800F77E83 /* PreworkUITests.swift in Sources */,
			);
			runOnlyForDeploymentPostprocessing = 0;
		};
/* End PBXSourcesBuildPhase section */

/* Begin PBXTargetDependency section */
		8686309825CF6B0800F77E83 /* PBXTargetDependency */ = {
			isa = PBXTargetDependency;
			target = 8686307F25CF6B0700F77E83 /* Prework */;
			targetProxy = 8686309725CF6B0800F77E83 /* PBXContainerItemProxy */;
		};
		868630A325CF6B0800F77E83 /* PBXTargetDependency */ = {
			isa = PBXTargetDependency;
			target = 8686307F25CF6B0700F77E83 /* Prework */;
			targetProxy = 868630A225CF6B0800F77E83 /* PBXContainerItemProxy */;
		};
/* End PBXTargetDependency section */

/* Begin PBXVariantGroup section */
		8686308925CF6B0700F77E83 /* Main.storyboard */ = {
			isa = PBXVariantGroup;
			children = (
				8686308A25CF6B0700F77E83 /* Base */,
			);
			name = Main.storyboard;
			sourceTree = "<group>";
		};
		8686308E25CF6B0800F77E83 /* LaunchScreen.storyboard */ = {
			isa = PBXVariantGroup;
			children = (
				8686308F25CF6B0800F77E83 /* Base */,
			);
			name = LaunchScreen.storyboard;
			sourceTree = "<group>";
		};
/* End PBXVariantGroup section */

/* Begin XCBuildConfiguration section */
		868630A825CF6B0800F77E83 /* Debug */ = {
			isa = XCBuildConfiguration;
			buildSettings = {
				ALWAYS_SEARCH_USER_PATHS = NO;
				CLANG_ANALYZER_NONNULL = YES;
				CLANG_ANALYZER_NUMBER_OBJECT_CONVERSION = YES_AGGRESSIVE;
				CLANG_CXX_LANGUAGE_STANDARD = "gnu++14";
				CLANG_CXX_LIBRARY = "libc++";
				CLANG_ENABLE_MODULES = YES;
				CLANG_ENABLE_OBJC_ARC = YES;
				CLANG_ENABLE_OBJC_WEAK = YES;
				CLANG_WARN_BLOCK_CAPTURE_AUTORELEASING = YES;
				CLANG_WARN_BOOL_CONVERSION = YES;
				CLANG_WARN_COMMA = YES;
				CLANG_WARN_CONSTANT_CONVERSION = YES;
				CLANG_WARN_DEPRECATED_OBJC_IMPLEMENTATIONS = YES;
				CLANG_WARN_DIRECT_OBJC_ISA_USAGE = YES_ERROR;
				CLANG_WARN_DOCUMENTATION_COMMENTS = YES;
				CLANG_WARN_EMPTY_BODY = YES;
				CLANG_WARN_ENUM_CONVERSION = YES;
				CLANG_WARN_INFINITE_RECURSION = YES;
				CLANG_WARN_INT_CONVERSION = YES;
				CLANG_WARN_NON_LITERAL_NULL_CONVERSION = YES;
				CLANG_WARN_OBJC_IMPLICIT_RETAIN_SELF = YES;
				CLANG_WARN_OBJC_LITERAL_CONVERSION = YES;
				CLANG_WARN_OBJC_ROOT_CLASS = YES_ERROR;
				CLANG_WARN_QUOTED_INCLUDE_IN_FRAMEWORK_HEADER = YES;
				CLANG_WARN_RANGE_LOOP_ANALYSIS = YES;
				CLANG_WARN_STRICT_PROTOTYPES = YES;
				CLANG_WARN_SUSPICIOUS_MOVE = YES;
				CLANG_WARN_UNGUARDED_AVAILABILITY = YES_AGGRESSIVE;
				CLANG_WARN_UNREACHABLE_CODE = YES;
				CLANG_WARN__DUPLICATE_METHOD_MATCH = YES;
				COPY_PHASE_STRIP = NO;
				DEBUG_INFORMATION_FORMAT = dwarf;
				ENABLE_STRICT_OBJC_MSGSEND = YES;
				ENABLE_TESTABILITY = YES;
				GCC_C_LANGUAGE_STANDARD = gnu11;
				GCC_DYNAMIC_NO_PIC = NO;
				GCC_NO_COMMON_BLOCKS = YES;
				GCC_OPTIMIZATION_LEVEL = 0;
				GCC_PREPROCESSOR_DEFINITIONS = (
					"DEBUG=1",
					"$(inherited)",
				);
				GCC_WARN_64_TO_32_BIT_CONVERSION = YES;
				GCC_WARN_ABOUT_RETURN_TYPE = YES_ERROR;
				GCC_WARN_UNDECLARED_SELECTOR = YES;
				GCC_WARN_UNINITIALIZED_AUTOS = YES_AGGRESSIVE;
				GCC_WARN_UNUSED_FUNCTION = YES;
				GCC_WARN_UNUSED_VARIABLE = YES;
				IPHONEOS_DEPLOYMENT_TARGET = 14.4;
				MTL_ENABLE_DEBUG_INFO = INCLUDE_SOURCE;
				MTL_FAST_MATH = YES;
				ONLY_ACTIVE_ARCH = YES;
				SDKROOT = iphoneos;
				SWIFT_ACTIVE_COMPILATION_CONDITIONS = DEBUG;
				SWIFT_OPTIMIZATION_LEVEL = "-Onone";
			};
			name = Debug;
		};
		868630A925CF6B0800F77E83 /* Release */ = {
			isa = XCBuildConfiguration;
			buildSettings = {
				ALWAYS_SEARCH_USER_PATHS = NO;
				CLANG_ANALYZER_NONNULL = YES;
				CLANG_ANALYZER_NUMBER_OBJECT_CONVERSION = YES_AGGRESSIVE;
				CLANG_CXX_LANGUAGE_STANDARD = "gnu++14";
				CLANG_CXX_LIBRARY = "libc++";
				CLANG_ENABLE_MODULES = YES;
				CLANG_ENABLE_OBJC_ARC = YES;
				CLANG_ENABLE_OBJC_WEAK = YES;
				CLANG_WARN_BLOCK_CAPTURE_AUTORELEASING = YES;
				CLANG_WARN_BOOL_CONVERSION = YES;
				CLANG_WARN_COMMA = YES;
				CLANG_WARN_CONSTANT_CONVERSION = YES;
				CLANG_WARN_DEPRECATED_OBJC_IMPLEMENTATIONS = YES;
				CLANG_WARN_DIRECT_OBJC_ISA_USAGE = YES_ERROR;
				CLANG_WARN_DOCUMENTATION_COMMENTS = YES;
				CLANG_WARN_EMPTY_BODY = YES;
				CLANG_WARN_ENUM_CONVERSION = YES;
				CLANG_WARN_INFINITE_RECURSION = YES;
				CLANG_WARN_INT_CONVERSION = YES;
				CLANG_WARN_NON_LITERAL_NULL_CONVERSION = YES;
				CLANG_WARN_OBJC_IMPLICIT_RETAIN_SELF = YES;
				CLANG_WARN_OBJC_LITERAL_CONVERSION = YES;
				CLANG_WARN_OBJC_ROOT_CLASS = YES_ERROR;
				CLANG_WARN_QUOTED_INCLUDE_IN_FRAMEWORK_HEADER = YES;
				CLANG_WARN_RANGE_LOOP_ANALYSIS = YES;
				CLANG_WARN_STRICT_PROTOTYPES = YES;
				CLANG_WARN_SUSPICIOUS_MOVE = YES;
				CLANG_WARN_UNGUARDED_AVAILABILITY = YES_AGGRESSIVE;
				CLANG_WARN_UNREACHABLE_CODE = YES;
				CLANG_WARN__DUPLICATE_METHOD_MATCH = YES;
				COPY_PHASE_STRIP = NO;
				DEBUG_INFORMATION_FORMAT = "dwarf-with-dsym";
				ENABLE_NS_ASSERTIONS = NO;
				ENABLE_STRICT_OBJC_MSGSEND = YES;
				GCC_C_LANGUAGE_STANDARD = gnu11;
				GCC_NO_COMMON_BLOCKS = YES;
				GCC_WARN_64_TO_32_BIT_CONVERSION = YES;
				GCC_WARN_ABOUT_RETURN_TYPE = YES_ERROR;
				GCC_WARN_UNDECLARED_SELECTOR = YES;
				GCC_WARN_UNINITIALIZED_AUTOS = YES_AGGRESSIVE;
				GCC_WARN_UNUSED_FUNCTION = YES;
				GCC_WARN_UNUSED_VARIABLE = YES;
				IPHONEOS_DEPLOYMENT_TARGET = 14.4;
				MTL_ENABLE_DEBUG_INFO = NO;
				MTL_FAST_MATH = YES;
				SDKROOT = iphoneos;
				SWIFT_COMPILATION_MODE = wholemodule;
				SWIFT_OPTIMIZATION_LEVEL = "-O";
				VALIDATE_PRODUCT = YES;
			};
			name = Release;
		};
		868630AB25CF6B0800F77E83 /* Debug */ = {
			isa = XCBuildConfiguration;
			buildSettings = {
				ASSETCATALOG_COMPILER_APPICON_NAME = AppIcon;
				ASSETCATALOG_COMPILER_GLOBAL_ACCENT_COLOR_NAME = AccentColor;
				CODE_SIGN_STYLE = Automatic;
				INFOPLIST_FILE = Prework/Info.plist;
				LD_RUNPATH_SEARCH_PATHS = (
					"$(inherited)",
					"@executable_path/Frameworks",
				);
				PRODUCT_BUNDLE_IDENTIFIER = Pablo.Prework;
				PRODUCT_NAME = "$(TARGET_NAME)";
				SWIFT_VERSION = 5.0;
				TARGETED_DEVICE_FAMILY = "1,2";
			};
			name = Debug;
		};
		868630AC25CF6B0800F77E83 /* Release */ = {
			isa = XCBuildConfiguration;
			buildSettings = {
				ASSETCATALOG_COMPILER_APPICON_NAME = AppIcon;
				ASSETCATALOG_COMPILER_GLOBAL_ACCENT_COLOR_NAME = AccentColor;
				CODE_SIGN_STYLE = Automatic;
				INFOPLIST_FILE = Prework/Info.plist;
				LD_RUNPATH_SEARCH_PATHS = (
					"$(inherited)",
					"@executable_path/Frameworks",
				);
				PRODUCT_BUNDLE_IDENTIFIER = Pablo.Prework;
				PRODUCT_NAME = "$(TARGET_NAME)";
				SWIFT_VERSION = 5.0;
				TARGETED_DEVICE_FAMILY = "1,2";
			};
			name = Release;
		};
		868630AE25CF6B0800F77E83 /* Debug */ = {
			isa = XCBuildConfiguration;
			buildSettings = {
				ALWAYS_EMBED_SWIFT_STANDARD_LIBRARIES = YES;
				BUNDLE_LOADER = "$(TEST_HOST)";
				CODE_SIGN_STYLE = Automatic;
				INFOPLIST_FILE = PreworkTests/Info.plist;
				IPHONEOS_DEPLOYMENT_TARGET = 14.4;
				LD_RUNPATH_SEARCH_PATHS = (
					"$(inherited)",
					"@executable_path/Frameworks",
					"@loader_path/Frameworks",
				);
				PRODUCT_BUNDLE_IDENTIFIER = Pablo.PreworkTests;
				PRODUCT_NAME = "$(TARGET_NAME)";
				SWIFT_VERSION = 5.0;
				TARGETED_DEVICE_FAMILY = "1,2";
				TEST_HOST = "$(BUILT_PRODUCTS_DIR)/Prework.app/Prework";
			};
			name = Debug;
		};
		868630AF25CF6B0800F77E83 /* Release */ = {
			isa = XCBuildConfiguration;
			buildSettings = {
				ALWAYS_EMBED_SWIFT_STANDARD_LIBRARIES = YES;
				BUNDLE_LOADER = "$(TEST_HOST)";
				CODE_SIGN_STYLE = Automatic;
				INFOPLIST_FILE = PreworkTests/Info.plist;
				IPHONEOS_DEPLOYMENT_TARGET = 14.4;
				LD_RUNPATH_SEARCH_PATHS = (
					"$(inherited)",
					"@executable_path/Frameworks",
					"@loader_path/Frameworks",
				);
				PRODUCT_BUNDLE_IDENTIFIER = Pablo.PreworkTests;
				PRODUCT_NAME = "$(TARGET_NAME)";
				SWIFT_VERSION = 5.0;
				TARGETED_DEVICE_FAMILY = "1,2";
				TEST_HOST = "$(BUILT_PRODUCTS_DIR)/Prework.app/Prework";
			};
			name = Release;
		};
		868630B125CF6B0800F77E83 /* Debug */ = {
			isa = XCBuildConfiguration;
			buildSettings = {
				ALWAYS_EMBED_SWIFT_STANDARD_LIBRARIES = YES;
				CODE_SIGN_STYLE = Automatic;
				INFOPLIST_FILE = PreworkUITests/Info.plist;
				LD_RUNPATH_SEARCH_PATHS = (
					"$(inherited)",
					"@executable_path/Frameworks",
					"@loader_path/Frameworks",
				);
				PRODUCT_BUNDLE_IDENTIFIER = Pablo.PreworkUITests;
				PRODUCT_NAME = "$(TARGET_NAME)";
				SWIFT_VERSION = 5.0;
				TARGETED_DEVICE_FAMILY = "1,2";
				TEST_TARGET_NAME = Prework;
			};
			name = Debug;
		};
		868630B225CF6B0800F77E83 /* Release */ = {
			isa = XCBuildConfiguration;
			buildSettings = {
				ALWAYS_EMBED_SWIFT_STANDARD_LIBRARIES = YES;
				CODE_SIGN_STYLE = Automatic;
				INFOPLIST_FILE = PreworkUITests/Info.plist;
				LD_RUNPATH_SEARCH_PATHS = (
					"$(inherited)",
					"@executable_path/Frameworks",
					"@loader_path/Frameworks",
				);
				PRODUCT_BUNDLE_IDENTIFIER = Pablo.PreworkUITests;
				PRODUCT_NAME = "$(TARGET_NAME)";
				SWIFT_VERSION = 5.0;
				TARGETED_DEVICE_FAMILY = "1,2";
				TEST_TARGET_NAME = Prework;
			};
			name = Release;
		};
/* End XCBuildConfiguration section */

/* Begin XCConfigurationList section */
		8686307B25CF6B0700F77E83 /* Build configuration list for PBXProject "Prework" */ = {
			isa = XCConfigurationList;
			buildConfigurations = (
				868630A825CF6B0800F77E83 /* Debug */,
				868630A925CF6B0800F77E83 /* Release */,
			);
			defaultConfigurationIsVisible = 0;
			defaultConfigurationName = Release;
		};
		868630AA25CF6B0800F77E83 /* Build configuration list for PBXNativeTarget "Prework" */ = {
			isa = XCConfigurationList;
			buildConfigurations = (
				868630AB25CF6B0800F77E83 /* Debug */,
				868630AC25CF6B0800F77E83 /* Release */,
			);
			defaultConfigurationIsVisible = 0;
			defaultConfigurationName = Release;
		};
		868630AD25CF6B0800F77E83 /* Build configuration list for PBXNativeTarget "PreworkTests" */ = {
			isa = XCConfigurationList;
			buildConfigurations = (
				868630AE25CF6B0800F77E83 /* Debug */,
				868630AF25CF6B0800F77E83 /* Release */,
			);
			defaultConfigurationIsVisible = 0;
			defaultConfigurationName = Release;
		};
		868630B025CF6B0800F77E83 /* Build configuration list for PBXNativeTarget "PreworkUITests" */ = {
			isa = XCConfigurationList;
			buildConfigurations = (
				868630B125CF6B0800F77E83 /* Debug */,
				868630B225CF6B0800F77E83 /* Release */,
			);
			defaultConfigurationIsVisible = 0;
			defaultConfigurationName = Release;
		};
/* End XCConfigurationList section */
	};
	rootObject = 8686307825CF6B0700F77E83 /* Project object */;
}
